{
  "lockfileVersion": 1,
  "workspaces": {
    "": {
      "name": "purescript-yoga-stories",
      "dependencies": {
        "@fontsource/jetbrains-mono": "^5.2.8",
      },
      "devDependencies": {
        "react": "19",
        "react-dom": "19",
      },
      "peerDependencies": {
        "react": ">=18",
        "react-dom": ">=18",
      },
    },
  },
  "packages": {
    "@fontsource/jetbrains-mono": ["@fontsource/jetbrains-mono@5.2.8", "", {}, "sha512-6w8/SG4kqvIMu7xd7wt6x3idn1Qux3p9N62s6G3rfldOUYHpWcc2FKrqf+Vo44jRvqWj2oAtTHrZXEP23oSKwQ=="],

    "react": ["react@19.2.4", "", {}, "sha512-9nfp2hYpCwOjAN+8TZFGhtWEwgvWHXqESH8qT89AT/lWklpLON22Lc8pEtnpsZz7VmawabSU0gCjnj8aC0euHQ=="],

    "react-dom": ["react-dom@19.2.4", "", { "dependencies": { "scheduler": "^0.27.0" }, "peerDependencies": { "react": "^19.2.4" } }, "sha512-AXJdLo8kgMbimY95O2aKQqsz2iWi9jMgKJhRBAxECE4IFxfcazB2LmzloIoibJI3C12IlY20+KFaLv+71bUJeQ=="],

    "scheduler": ["scheduler@0.27.0", "", {}, "sha512-eNv+WrVbKu1f3vbYJT/xtiF5syA5HPIMtf9IgY/nKg0sWqzAUEvqY/xm7OcZc/qafLx/iO9FgOmeSAp4v5ti/Q=="],
  }
}
