{
  "workspace": {
    "packages": {
      "yoga-stories": {
        "path": "./",
        "core": {
          "dependencies": [
            {
              "aff": ">=8.0.0 <9.0.0"
            },
            {
              "arrays": ">=7.3.0 <8.0.0"
            },
            {
              "console": ">=6.1.0 <7.0.0"
            },
            {
              "control": ">=6.0.0 <7.0.0"
            },
            {
              "effect": ">=4.0.0 <5.0.0"
            },
            {
              "either": ">=6.1.0 <7.0.0"
            },
            {
              "exceptions": ">=6.1.0 <7.0.0"
            },
            {
              "foldable-traversable": ">=6.0.0 <7.0.0"
            },
            {
              "foreign": ">=7.0.0 <8.0.0"
            },
            {
              "foreign-object": ">=4.1.0 <5.0.0"
            },
            {
              "js-promise": ">=1.0.0 <2.0.0"
            },
            {
              "js-promise-aff": ">=1.0.0 <2.0.0"
            },
            {
              "maybe": ">=6.0.0 <7.0.0"
            },
            {
              "newtype": ">=5.0.0 <6.0.0"
            },
            {
              "node-buffer": ">=9.0.0 <10.0.0"
            },
            {
              "node-fs": ">=9.2.0 <10.0.0"
            },
            {
              "node-path": ">=5.0.1 <6.0.0"
            },
            {
              "nullable": ">=6.0.0 <7.0.0"
            },
            {
              "optparse": ">=5.0.1 <6.0.0"
            },
            {
              "prelude": ">=6.0.2 <7.0.0"
            },
            {
              "react-basic": ">=17.0.0 <18.0.0"
            },
            {
              "react-basic-dom": ">=6.1.0 <7.0.0"
            },
            {
              "react-basic-hooks": ">=8.2.0 <9.0.0"
            },
            {
              "record": ">=4.0.0 <5.0.0"
            },
            {
              "strings": ">=6.0.1 <7.0.0"
            },
            {
              "tuples": ">=7.0.0 <8.0.0"
            },
            {
              "web-dom": ">=6.0.0 <7.0.0"
            },
            {
              "web-events": ">=4.0.0 <5.0.0"
            },
            {
              "web-html": ">=4.1.1 <5.0.0"
            },
            {
              "yoga-fastify": ">=0.3.0 <0.4.0"
            },
            {
              "yoga-json": ">=5.2.0 <6.0.0"
            },
            {
              "yoga-react": ">=1.0.1 <2.0.0"
            },
            {
              "yoga-react-dom": ">=1.0.3 <2.0.0"
            }
          ]
        },
        "test": {
          "dependencies": [
            {
              "spec": ">=7.0.0 <9.0.0"
            },
            {
              "spec-discovery": ">=8.0.0 <9.0.0"
            }
          ]
        }
      }
    },
    "extra_packages": {}
  },
  "packages": {
    "aff": {
      "type": "registry",
      "version": "8.0.0",
      "integrity": "sha256-9BRIrSdRoYybfiUmBqgKJ66cPqxYHb277bVWQMn/9sg=",
      "dependencies": [
        "control",
        "datetime",
        "effect",
        "either",
        "exceptions",
        "functions",
        "newtype",
        "parallel",
        "partial",
        "prelude",
        "st",
        "tailrec",
        "transformers",
        "unsafe-coerce"
      ]
    },
    "aff-promise": {
      "type": "registry",
      "version": "4.0.0",
      "integrity": "sha256-Jgp3y+NWuuAmwz2V3LlWoX+AvxqfVglY77N5zTw8xnI=",
      "dependencies": [
        "aff",
        "control",
        "effect",
        "either",
        "exceptions",
        "foreign",
        "prelude",
        "transformers"
      ]
    },
    "ansi": {
      "type": "registry",
      "version": "7.0.0",
      "integrity": "sha256-tOUaXJFzPSfBVAqLI8hc+Tz2M1rg16cXqyHaK/3SmFg=",
      "dependencies": [
        "foldable-traversable",
        "lists",
        "prelude"
      ]
    },
    "argonaut-codecs": {
      "type": "registry",
      "version": "9.1.0",
      "integrity": "sha256-K910SBrmYallESsm8pxJYThs7lig6hxX3M4PW33Cgew=",
      "dependencies": [
        "argonaut-core",
        "arrays",
        "bifunctors",
        "either",
        "foldable-traversable",
        "foreign-object",
        "identity",
        "integers",
        "lists",
        "maybe",
        "nonempty",
        "ordered-collections",
        "prelude",
        "record",
        "strings",
        "tuples"
      ]
    },
    "argonaut-core": {
      "type": "registry",
      "version": "7.0.0",
      "integrity": "sha256-gYZihtBIKthVuXXoiPphMookSf8M5aHyFYkcIWqlxTM=",
      "dependencies": [
        "arrays",
        "control",
        "either",
        "foreign-object",
        "functions",
        "gen",
        "maybe",
        "nonempty",
        "prelude",
        "strings",
        "tailrec"
      ]
    },
    "arraybuffer-types": {
      "type": "registry",
      "version": "3.0.2",
      "integrity": "sha256-p05cJnSkyeoB7VHzMyc2Eb1RwUaB7Nl0sQSqEGNEUD8=",
      "dependencies": []
    },
    "arrays": {
      "type": "registry",
      "version": "7.3.0",
      "integrity": "sha256-GD4z7LCi9wzi7FCQqbWhvs8paoUK9NO+HwgXZ+KP8Rk=",
      "dependencies": [
        "bifunctors",
        "control",
        "foldable-traversable",
        "functions",
        "maybe",
        "nonempty",
        "partial",
        "prelude",
        "safe-coerce",
        "st",
        "tailrec",
        "tuples",
        "unfoldable",
        "unsafe-coerce"
      ]
    },
    "avar": {
      "type": "registry",
      "version": "5.0.1",
      "integrity": "sha256-8V4SxF4TIWZ9Ik1P4lPzIRUAZeFBe8w5WA2VcCEKsIk=",
      "dependencies": [
        "aff",
        "effect",
        "either",
        "exceptions",
        "functions",
        "maybe",
        "prelude"
      ]
    },
    "bifunctors": {
      "type": "registry",
      "version": "6.1.0",
      "integrity": "sha256-CvZRb8uI75eKIqiYntR+k05Wk6tKlMS5w8sCA2AFna0=",
      "dependencies": [
        "const",
        "either",
        "newtype",
        "prelude",
        "tuples"
      ]
    },
    "catenable-lists": {
      "type": "registry",
      "version": "7.0.0",
      "integrity": "sha256-7+i/MHBLIRh604iCNT4ENWRWE/wuHIotER4kpdX9Ve0=",
      "dependencies": [
        "control",
        "foldable-traversable",
        "lists",
        "maybe",
        "prelude",
        "tuples",
        "unfoldable"
      ]
    },
    "console": {
      "type": "registry",
      "version": "6.1.0",
      "integrity": "sha256-3T5PPz1mATZmV0C4GzkCkpLlCa5xG7u8ZNgnLrrrI1Q=",
      "dependencies": [
        "effect",
        "prelude"
      ]
    },
    "const": {
      "type": "registry",
      "version": "6.0.0",
      "integrity": "sha256-S+m0lQsxnji0z1XRUmkn+3RFuWJ5CXWuIr1u3i8Bfoc=",
      "dependencies": [
        "invariant",
        "newtype",
        "prelude"
      ]
    },
    "contravariant": {
      "type": "registry",
      "version": "6.0.0",
      "integrity": "sha256-nuckEWqL80NaPmR/l9AUyrfycNh18XcvlZV9PAamwqc=",
      "dependencies": [
        "const",
        "either",
        "newtype",
        "prelude",
        "tuples"
      ]
    },
    "control": {
      "type": "registry",
      "version": "6.0.0",
      "integrity": "sha256-0vxyYh5FL+ilxgLo954w1LqCUC0RSIivNNlb9CaNUQg=",
      "dependencies": [
        "newtype",
        "prelude"
      ]
    },
    "datetime": {
      "type": "registry",
      "version": "6.1.0",
      "integrity": "sha256-tbv6eDXy6QOD7YSknxYSbsDF32OC2JrNbSBpzMs7Doc=",
      "dependencies": [
        "bifunctors",
        "control",
        "either",
        "enums",
        "foldable-traversable",
        "functions",
        "gen",
        "integers",
        "lists",
        "maybe",
        "newtype",
        "numbers",
        "ordered-collections",
        "partial",
        "prelude",
        "tuples"
      ]
    },
    "distributive": {
      "type": "registry",
      "version": "6.0.0",
      "integrity": "sha256-netyJK4B32PDYHD0tF2AenKgo3urzbI770ycM0pArAo=",
      "dependencies": [
        "identity",
        "newtype",
        "prelude",
        "tuples",
        "type-equality"
      ]
    },
    "effect": {
      "type": "registry",
      "version": "4.0.0",
      "integrity": "sha256-DdqU3bncRTjgMVPPRlAuGHVeajSPEcRaRhNuio7if6s=",
      "dependencies": [
        "prelude"
      ]
    },
    "either": {
      "type": "registry",
      "version": "6.1.0",
      "integrity": "sha256-tBHx3PgtH4GZOApZCDkcM7szRTYJinrUrVGWazQCUUg=",
      "dependencies": [
        "control",
        "invariant",
        "maybe",
        "prelude"
      ]
    },
    "enums": {
      "type": "registry",
      "version": "6.0.1",
      "integrity": "sha256-sdZOmLX5+5pASGpvVyT0vSD5BBYQjZiayjV5XiPutso=",
      "dependencies": [
        "control",
        "either",
        "gen",
        "maybe",
        "newtype",
        "nonempty",
        "partial",
        "prelude",
        "tuples",
        "unfoldable"
      ]
    },
    "exceptions": {
      "type": "registry",
      "version": "6.1.0",
      "integrity": "sha256-nRrr+N0wk0TUFOWLR7e1n1oxcXo/X345bQUtoY9lW6A=",
      "dependencies": [
        "effect",
        "either",
        "maybe",
        "prelude"
      ]
    },
    "exists": {
      "type": "registry",
      "version": "6.0.0",
      "integrity": "sha256-vtLbrWNaI+pzx/2fw2AQnCovoLtcosClIhjO26QKkh8=",
      "dependencies": [
        "unsafe-coerce"
      ]
    },
    "exitcodes": {
      "type": "registry",
      "version": "4.0.0",
      "integrity": "sha256-xBl4aFSEQ05Owp1ZvO6OxxvLK3LVzU35RSbj79SsePQ=",
      "dependencies": [
        "enums",
        "maybe",
        "prelude"
      ]
    },
    "foldable-traversable": {
      "type": "registry",
      "version": "6.0.0",
      "integrity": "sha256-NGGWyCio/xjce6fPP7y3wwg7CheqllID6aJudDxbWhA=",
      "dependencies": [
        "bifunctors",
        "const",
        "control",
        "either",
        "functors",
        "identity",
        "maybe",
        "newtype",
        "orders",
        "prelude",
        "tuples"
      ]
    },
    "foreign": {
      "type": "registry",
      "version": "7.0.0",
      "integrity": "sha256-jiDRMVQfovGsbbA/FzbzYf6iWk9i2b5gNrIjz+gFfsI=",
      "dependencies": [
        "either",
        "functions",
        "integers",
        "lists",
        "maybe",
        "prelude",
        "strings",
        "transformers",
        "unsafe-coerce"
      ]
    },
    "foreign-object": {
      "type": "registry",
      "version": "4.1.0",
      "integrity": "sha256-x/Q7r80z/vmHRKvPwhYmHP/DnJciPtsyGfRTMzayKIU=",
      "dependencies": [
        "arrays",
        "foldable-traversable",
        "functions",
        "gen",
        "lists",
        "maybe",
        "prelude",
        "st",
        "tailrec",
        "tuples",
        "typelevel-prelude",
        "unfoldable",
        "unsafe-coerce"
      ]
    },
    "forgetmenot": {
      "type": "registry",
      "version": "0.1.0",
      "integrity": "sha256-YYLWpHQwJ1zKmPxLo7sZOk+kYuKOpOpRhdz9vwI/p7Q=",
      "dependencies": []
    },
    "fork": {
      "type": "registry",
      "version": "6.0.0",
      "integrity": "sha256-0keBVeZZg1eCZEy/En1CohVW829gQUqKtqBNIRa93/A=",
      "dependencies": [
        "aff",
        "prelude",
        "transformers"
      ]
    },
    "free": {
      "type": "registry",
      "version": "7.1.0",
      "integrity": "sha256-tUBInfUpRQEw4u94GWcYW7EYdmSdDHSRn88a+C0eltU=",
      "dependencies": [
        "catenable-lists",
        "control",
        "distributive",
        "either",
        "exists",
        "foldable-traversable",
        "invariant",
        "lazy",
        "maybe",
        "prelude",
        "tailrec",
        "transformers",
        "tuples",
        "unsafe-coerce"
      ]
    },
    "functions": {
      "type": "registry",
      "version": "6.0.0",
      "integrity": "sha256-0jgtOr+SFO4UScKc40oA/9Vdcf2rLn3h3vZlY0KfqVo=",
      "dependencies": [
        "prelude"
      ]
    },
    "functors": {
      "type": "registry",
      "version": "5.0.0",
      "integrity": "sha256-W1o/4wcp6S3chodYL8uixlXK2mfr1L+SzM1R+whqUco=",
      "dependencies": [
        "bifunctors",
        "const",
        "contravariant",
        "control",
        "distributive",
        "either",
        "invariant",
        "maybe",
        "newtype",
        "prelude",
        "profunctor",
        "tuples",
        "unsafe-coerce"
      ]
    },
    "gen": {
      "type": "registry",
      "version": "4.0.0",
      "integrity": "sha256-kyOateeOtQa07vfTMYeSuCKdelgKE1R65fwKkZ10wsY=",
      "dependencies": [
        "either",
        "foldable-traversable",
        "identity",
        "maybe",
        "newtype",
        "nonempty",
        "prelude",
        "tailrec",
        "tuples",
        "unfoldable"
      ]
    },
    "identity": {
      "type": "registry",
      "version": "6.0.0",
      "integrity": "sha256-RY/iXPpxpqvKHYfJeFVNI1J06kohB9rbtWYuha8t0LE=",
      "dependencies": [
        "control",
        "invariant",
        "newtype",
        "prelude"
      ]
    },
    "indexed-monad": {
      "type": "registry",
      "version": "3.0.0",
      "integrity": "sha256-84PslUkPKyrFUGeq981auE+zODsQO/g8rnqwgcN0zQM=",
      "dependencies": [
        "newtype",
        "prelude"
      ]
    },
    "integers": {
      "type": "registry",
      "version": "6.0.0",
      "integrity": "sha256-Y8yozC1uHRLcruobEyv5/bMKzE1BoKJ/olHv6o+bgm8=",
      "dependencies": [
        "maybe",
        "numbers",
        "prelude"
      ]
    },
    "invariant": {
      "type": "registry",
      "version": "6.0.0",
      "integrity": "sha256-HyoT1I5qIHRq8RSZji6zZDvqnpVjLw748utrKwZtqsw=",
      "dependencies": [
        "control",
        "prelude"
      ]
    },
    "js-bigints": {
      "type": "registry",
      "version": "2.2.1",
      "integrity": "sha256-r1rE6Olv5b3JrP32lY2uKJ+eBRTsrVnC983K8VWwqe4=",
      "dependencies": [
        "integers",
        "maybe",
        "prelude"
      ]
    },
    "js-date": {
      "type": "registry",
      "version": "8.0.0",
      "integrity": "sha256-DNQrp4xYc8o80jtxo0aOkUeXGi6h0Xidkk2ZQ8Y4l5Y=",
      "dependencies": [
        "datetime",
        "effect",
        "enums",
        "foreign",
        "functions",
        "integers",
        "maybe",
        "prelude"
      ]
    },
    "js-promise": {
      "type": "registry",
      "version": "1.0.0",
      "integrity": "sha256-u+6+ofIwT5XhT2fbMu4dShwkyWGfPRt9642Cnzw/Wvk=",
      "dependencies": [
        "effect",
        "exceptions",
        "foldable-traversable",
        "functions",
        "maybe",
        "newtype",
        "prelude"
      ]
    },
    "js-promise-aff": {
      "type": "registry",
      "version": "1.0.0",
      "integrity": "sha256-gEKAdNnTWjXS+tTp/AhYl/ezloKfuoQFcBKrdOx2USo=",
      "dependencies": [
        "aff",
        "control",
        "effect",
        "either",
        "exceptions",
        "foreign",
        "js-promise",
        "maybe",
        "prelude",
        "transformers"
      ]
    },
    "lazy": {
      "type": "registry",
      "version": "6.0.0",
      "integrity": "sha256-MHRC+1Pc+AjortBp4b/e1e6KpEpsDwaJBNBB7TOL+1I=",
      "dependencies": [
        "control",
        "foldable-traversable",
        "invariant",
        "prelude"
      ]
    },
    "lists": {
      "type": "registry",
      "version": "7.0.0",
      "integrity": "sha256-/mGd7wLoU+wsTcqii7SSUByxsvwvjnu2PjwAD47yYb4=",
      "dependencies": [
        "bifunctors",
        "control",
        "foldable-traversable",
        "lazy",
        "maybe",
        "newtype",
        "nonempty",
        "partial",
        "prelude",
        "tailrec",
        "tuples",
        "unfoldable"
      ]
    },
    "literals": {
      "type": "registry",
      "version": "1.0.2",
      "integrity": "sha256-ZkGRFD6gb8etYvyMYpX1Z7lx1Tql7R1VGnD1Dzinup8=",
      "dependencies": [
        "integers",
        "maybe",
        "numbers",
        "partial",
        "prelude",
        "typelevel-prelude",
        "unsafe-coerce"
      ]
    },
    "maybe": {
      "type": "registry",
      "version": "6.0.0",
      "integrity": "sha256-8X6XEgtZ5lqfkEuc1hWOofnL6mwhk8gSJTxwvbR/SbY=",
      "dependencies": [
        "control",
        "invariant",
        "newtype",
        "prelude"
      ]
    },
    "media-types": {
      "type": "registry",
      "version": "6.0.0",
      "integrity": "sha256-3Wyq+vfqJFTmy1k6DGVnXStxtZxgK631wusDPzlFVxg=",
      "dependencies": [
        "newtype",
        "prelude"
      ]
    },
    "mmorph": {
      "type": "registry",
      "version": "7.0.0",
      "integrity": "sha256-Cfltaq+tfYjuSoSBN/b8cSQZbvZTqIRs6ebQewbIkGs=",
      "dependencies": [
        "bifunctors",
        "either",
        "free",
        "functors",
        "identity",
        "maybe",
        "newtype",
        "prelude",
        "transformers",
        "tuples"
      ]
    },
    "newtype": {
      "type": "registry",
      "version": "5.0.0",
      "integrity": "sha256-dt6w0cty4OS+Pjt9fsh3iU6ottqSU83mdAZkaEEvo6c=",
      "dependencies": [
        "prelude",
        "safe-coerce"
      ]
    },
    "node-buffer": {
      "type": "registry",
      "version": "9.0.0",
      "integrity": "sha256-RdQjilmEHqsT4fwpCr8Mavw8KTafYrS3ZM6zeAAVAl8=",
      "dependencies": [
        "arraybuffer-types",
        "effect",
        "functions",
        "maybe",
        "nullable",
        "partial",
        "prelude",
        "st",
        "unsafe-coerce"
      ]
    },
    "node-event-emitter": {
      "type": "registry",
      "version": "3.0.0",
      "integrity": "sha256-wodx71NxJBPXOaawFn01V1ByYB2vT+I3RuV2giOVKMg=",
      "dependencies": [
        "effect",
        "either",
        "functions",
        "maybe",
        "nullable",
        "prelude",
        "unsafe-coerce"
      ]
    },
    "node-fs": {
      "type": "registry",
      "version": "9.2.0",
      "integrity": "sha256-fxioTSm9y47WuYs9F/7nxCh/RVDCl3Kr3Hg779J4SJA=",
      "dependencies": [
        "aff",
        "datetime",
        "effect",
        "either",
        "enums",
        "exceptions",
        "functions",
        "integers",
        "js-date",
        "maybe",
        "node-buffer",
        "node-path",
        "node-streams",
        "nullable",
        "partial",
        "prelude",
        "strings"
      ]
    },
    "node-path": {
      "type": "registry",
      "version": "5.0.1",
      "integrity": "sha256-j7n/SmpVz0FOMJl4XZop3ofJ+MeIPkMNqUEUKHEL6Us=",
      "dependencies": [
        "effect"
      ]
    },
    "node-process": {
      "type": "registry",
      "version": "11.2.0",
      "integrity": "sha256-onzKeNmaeYfN3HSDPqSFTrrP2Yl9tnVsfKKhnf2plxM=",
      "dependencies": [
        "effect",
        "exceptions",
        "foreign",
        "foreign-object",
        "maybe",
        "node-event-emitter",
        "node-streams",
        "nullable",
        "posix-types",
        "prelude",
        "strings"
      ]
    },
    "node-streams": {
      "type": "registry",
      "version": "9.0.1",
      "integrity": "sha256-yuVGm/R/tBr4Nphi+a1a984Z0fkmN9Q5wWtSmbmJTpA=",
      "dependencies": [
        "aff",
        "arrays",
        "effect",
        "either",
        "exceptions",
        "maybe",
        "node-buffer",
        "node-event-emitter",
        "nullable",
        "prelude",
        "refs",
        "st",
        "tailrec",
        "unsafe-coerce"
      ]
    },
    "nonempty": {
      "type": "registry",
      "version": "7.0.0",
      "integrity": "sha256-Ctkq8/+KiGqCE53Y/LvibA/coy7ev9HtRZU+GYS7yfQ=",
      "dependencies": [
        "control",
        "foldable-traversable",
        "maybe",
        "prelude",
        "tuples",
        "unfoldable"
      ]
    },
    "now": {
      "type": "registry",
      "version": "6.0.0",
      "integrity": "sha256-mTyG4s8tps3XIf0jjV/lME2/QlwMzrQly2wqfSSUM3o=",
      "dependencies": [
        "datetime",
        "effect",
        "prelude"
      ]
    },
    "nullable": {
      "type": "registry",
      "version": "6.0.0",
      "integrity": "sha256-CDAZk+L9Sc0GCFTkE8n+qdp4Ys8avvnkU+m2hVALt7M=",
      "dependencies": [
        "functions",
        "maybe",
        "prelude"
      ]
    },
    "numbers": {
      "type": "registry",
      "version": "9.0.1",
      "integrity": "sha256-ZydYckgwRAnRaFC7pu6fADhzdwX+UqHZrfJyet64zls=",
      "dependencies": [
        "functions",
        "maybe",
        "prelude"
      ]
    },
    "open-memoize": {
      "type": "registry",
      "version": "6.2.0",
      "integrity": "sha256-yJLuVYX8FocHIJ+6q7efH/Pj4S+e1Y57DZ5Dn7qf4ww=",
      "dependencies": [
        "either",
        "integers",
        "lazy",
        "lists",
        "maybe",
        "partial",
        "prelude",
        "strings",
        "tuples"
      ]
    },
    "optparse": {
      "type": "registry",
      "version": "5.0.1",
      "integrity": "sha256-2btDjHPRR0uujUQJuZAN9AzvVoXe7yG6IwnY5evERhQ=",
      "dependencies": [
        "arrays",
        "bifunctors",
        "control",
        "effect",
        "either",
        "enums",
        "exists",
        "exitcodes",
        "foldable-traversable",
        "free",
        "integers",
        "lazy",
        "lists",
        "maybe",
        "newtype",
        "node-buffer",
        "node-process",
        "node-streams",
        "nonempty",
        "numbers",
        "open-memoize",
        "partial",
        "prelude",
        "strings",
        "tailrec",
        "transformers",
        "tuples"
      ]
    },
    "ordered-collections": {
      "type": "registry",
      "version": "3.2.0",
      "integrity": "sha256-NaEXc2cz/7lJfxPWEja4XlZbGxuRqJwFKQJjsJf51kQ=",
      "dependencies": [
        "arrays",
        "control",
        "foldable-traversable",
        "functions",
        "gen",
        "lists",
        "maybe",
        "newtype",
        "partial",
        "prelude",
        "safe-coerce",
        "tailrec",
        "tuples",
        "unfoldable"
      ]
    },
    "orders": {
      "type": "registry",
      "version": "6.0.0",
      "integrity": "sha256-nSMxZK7wxyDULkjZqvMyB71mVo6b0AyLLHosDVbv1XM=",
      "dependencies": [
        "newtype",
        "prelude"
      ]
    },
    "parallel": {
      "type": "registry",
      "version": "7.0.0",
      "integrity": "sha256-bAGpVhrFz2IyHkA4MR7+tE/19FZ7dzYBdYPgK5svkqw=",
      "dependencies": [
        "control",
        "effect",
        "either",
        "foldable-traversable",
        "functors",
        "maybe",
        "newtype",
        "prelude",
        "profunctor",
        "refs",
        "transformers"
      ]
    },
    "partial": {
      "type": "registry",
      "version": "4.0.0",
      "integrity": "sha256-mdrlJBAgFMh79hNRW39uv7c+BwnnaOrAMmdh7+VhEhs=",
      "dependencies": []
    },
    "pipes": {
      "type": "registry",
      "version": "8.0.0",
      "integrity": "sha256-dtUNpG8BGVr7pu6mQZyAnUAftUHgNS7f0QH3Kw5UTpQ=",
      "dependencies": [
        "aff",
        "control",
        "effect",
        "either",
        "foldable-traversable",
        "identity",
        "lists",
        "maybe",
        "mmorph",
        "newtype",
        "prelude",
        "tailrec",
        "transformers",
        "tuples"
      ]
    },
    "posix-types": {
      "type": "registry",
      "version": "6.0.0",
      "integrity": "sha256-Je5jG439F/SFO/IvVevZnWVxDIonrehlKuJkefP2lHE=",
      "dependencies": [
        "maybe",
        "newtype",
        "prelude"
      ]
    },
    "prelude": {
      "type": "registry",
      "version": "6.0.2",
      "integrity": "sha256-IqykrDRquGUD/LRSad7y75hZv3bUsGQ4knc8tdez8Qw=",
      "dependencies": []
    },
    "profunctor": {
      "type": "registry",
      "version": "6.0.1",
      "integrity": "sha256-Ow0mJC+PIIRq/a3mzCWY5vxuTgR/e+Ee68+mWeSRnWY=",
      "dependencies": [
        "control",
        "distributive",
        "either",
        "exists",
        "invariant",
        "newtype",
        "prelude",
        "tuples"
      ]
    },
    "react-basic": {
      "type": "registry",
      "version": "17.0.0",
      "integrity": "sha256-RZA6jqfbrFHLXYD1ARlnfHp2YkT9IjUTkUwsk7Rqn8s=",
      "dependencies": [
        "effect",
        "prelude",
        "record"
      ]
    },
    "react-basic-dom": {
      "type": "registry",
      "version": "6.1.0",
      "integrity": "sha256-115TUcOMwrz8aAgM3rjE5OPBBj9gRK8UzgTC21AqqN4=",
      "dependencies": [
        "arrays",
        "effect",
        "foldable-traversable",
        "foreign-object",
        "maybe",
        "nullable",
        "prelude",
        "react-basic",
        "record",
        "unsafe-coerce",
        "web-dom",
        "web-events",
        "web-file",
        "web-html"
      ]
    },
    "react-basic-hooks": {
      "type": "registry",
      "version": "8.2.0",
      "integrity": "sha256-WkJa82jXYBNZYHFGzuITOHl03B6mZTJXgNIVo91oORY=",
      "dependencies": [
        "aff",
        "aff-promise",
        "bifunctors",
        "console",
        "control",
        "datetime",
        "effect",
        "either",
        "exceptions",
        "foldable-traversable",
        "functions",
        "indexed-monad",
        "integers",
        "maybe",
        "newtype",
        "now",
        "nullable",
        "ordered-collections",
        "prelude",
        "react-basic",
        "refs",
        "tuples",
        "type-equality",
        "unsafe-coerce",
        "unsafe-reference",
        "web-html"
      ]
    },
    "record": {
      "type": "registry",
      "version": "4.0.0",
      "integrity": "sha256-WQ8fqp4X1wTA70J4qUcPW4Z7DCwx6e5KJnT/EuTdWSc=",
      "dependencies": [
        "functions",
        "prelude",
        "unsafe-coerce"
      ]
    },
    "refs": {
      "type": "registry",
      "version": "6.0.0",
      "integrity": "sha256-KKD5G9dR2SauuDGULUJsxjqDOEi1Jqm+2Sq5U2mY8YU=",
      "dependencies": [
        "effect",
        "prelude"
      ]
    },
    "safe-coerce": {
      "type": "registry",
      "version": "2.0.0",
      "integrity": "sha256-EJrxtKt5xC7TYjBZrSBO/J7Aw3DmtilYjt4olpAXWVc=",
      "dependencies": [
        "unsafe-coerce"
      ]
    },
    "spec": {
      "type": "registry",
      "version": "8.1.1",
      "integrity": "sha256-b6qjDb7lUJGLV+WEoywLu6BCXC4zGpfbN43mTL+vBeI=",
      "dependencies": [
        "aff",
        "ansi",
        "arrays",
        "avar",
        "bifunctors",
        "control",
        "datetime",
        "effect",
        "either",
        "exceptions",
        "foldable-traversable",
        "fork",
        "identity",
        "integers",
        "lists",
        "maybe",
        "newtype",
        "now",
        "ordered-collections",
        "parallel",
        "pipes",
        "prelude",
        "refs",
        "strings",
        "tailrec",
        "transformers",
        "tuples"
      ]
    },
    "spec-discovery": {
      "type": "registry",
      "version": "8.4.1",
      "integrity": "sha256-guvY+NtSOBQmM+HqNJ7woX6taN8hS1wEz7JDmdKF11E=",
      "dependencies": [
        "aff",
        "effect",
        "foldable-traversable",
        "prelude",
        "spec",
        "spec-node"
      ]
    },
    "spec-node": {
      "type": "registry",
      "version": "0.0.2",
      "integrity": "sha256-HDW02z3Mj+daux0j9487ApDBX32/gX0od6YR4zvDRZI=",
      "dependencies": [
        "aff",
        "argonaut-codecs",
        "argonaut-core",
        "arrays",
        "control",
        "datetime",
        "effect",
        "either",
        "foldable-traversable",
        "identity",
        "integers",
        "maybe",
        "newtype",
        "node-buffer",
        "node-fs",
        "node-process",
        "now",
        "numbers",
        "optparse",
        "ordered-collections",
        "partial",
        "prelude",
        "spec",
        "strings",
        "tuples"
      ]
    },
    "st": {
      "type": "registry",
      "version": "6.2.0",
      "integrity": "sha256-WI4MEkkwUd4pnwZQ3G8VKWgX5t1RSNJludm5e9boaRo=",
      "dependencies": [
        "effect",
        "partial",
        "prelude",
        "tailrec",
        "unsafe-coerce"
      ]
    },
    "strings": {
      "type": "registry",
      "version": "6.0.1",
      "integrity": "sha256-FNto2hoNW5Da6W6crIk77YXMagBvOGHZE1kO7eZ1vLM=",
      "dependencies": [
        "arrays",
        "control",
        "either",
        "enums",
        "foldable-traversable",
        "gen",
        "integers",
        "maybe",
        "newtype",
        "nonempty",
        "partial",
        "prelude",
        "tailrec",
        "tuples",
        "unfoldable",
        "unsafe-coerce"
      ]
    },
    "tailrec": {
      "type": "registry",
      "version": "6.1.0",
      "integrity": "sha256-xrorCfP0xV1wubs27idQCHQqdvSUuqmmL/am7Ji1wVU=",
      "dependencies": [
        "bifunctors",
        "effect",
        "either",
        "identity",
        "maybe",
        "partial",
        "prelude",
        "refs"
      ]
    },
    "transformers": {
      "type": "registry",
      "version": "6.1.0",
      "integrity": "sha256-QJmgNT/y7ljPHSsXaW4zxF/982BFiQ90KNL1g/NtEOQ=",
      "dependencies": [
        "control",
        "distributive",
        "effect",
        "either",
        "exceptions",
        "foldable-traversable",
        "identity",
        "lazy",
        "maybe",
        "newtype",
        "prelude",
        "st",
        "tailrec",
        "tuples",
        "unfoldable"
      ]
    },
    "tuples": {
      "type": "registry",
      "version": "7.0.0",
      "integrity": "sha256-BKy7EfK8S1KeTCwyWqyW1wwcpSAQuh3IsczSVgS6fzY=",
      "dependencies": [
        "control",
        "invariant",
        "prelude"
      ]
    },
    "type-equality": {
      "type": "registry",
      "version": "4.0.1",
      "integrity": "sha256-BBqYOSnAKmayRvR5mtZoCf4SlYs2ipatD/+5nQx73aw=",
      "dependencies": []
    },
    "typelevel-prelude": {
      "type": "registry",
      "version": "7.0.0",
      "integrity": "sha256-+pHi14/40mTj/+lmCWqL0T7iXIXD1+NSg/KItyyoB0A=",
      "dependencies": [
        "prelude",
        "type-equality"
      ]
    },
    "undefined-is-not-a-problem": {
      "type": "registry",
      "version": "1.1.0",
      "integrity": "sha256-0YkVzpcKi40T43go7/f8uLVIYgir6lGzOytL6LPfiog=",
      "dependencies": [
        "effect",
        "either",
        "foreign",
        "maybe",
        "newtype",
        "prelude",
        "tuples",
        "type-equality",
        "unsafe-coerce"
      ]
    },
    "unfoldable": {
      "type": "registry",
      "version": "6.0.0",
      "integrity": "sha256-BK/6By1sKp/ztk+9CF3q43SV0QDTLVdsGqFerKHSmbg=",
      "dependencies": [
        "foldable-traversable",
        "maybe",
        "partial",
        "prelude",
        "tuples"
      ]
    },
    "unsafe-coerce": {
      "type": "registry",
      "version": "6.0.0",
      "integrity": "sha256-0L1QsaY20OILjfU5TV72d3U/tSjhmL9hJ32WMp857Lk=",
      "dependencies": []
    },
    "unsafe-reference": {
      "type": "registry",
      "version": "5.0.0",
      "integrity": "sha256-ttSJTQUnK8AK2eGOsfRxLUJEDPL6pnmExjbiOqfwC6I=",
      "dependencies": [
        "prelude"
      ]
    },
    "untagged-union": {
      "type": "registry",
      "version": "1.0.0",
      "integrity": "sha256-MQvpb13TZEBoi9n/AoQ7ugniSQqbN6XQmAjii9pqJRk=",
      "dependencies": [
        "either",
        "foreign",
        "foreign-object",
        "literals",
        "maybe",
        "newtype",
        "prelude",
        "tuples",
        "unsafe-coerce"
      ]
    },
    "variant": {
      "type": "registry",
      "version": "8.0.0",
      "integrity": "sha256-Ydrgl8liWEwYQOWW76PdZtg3vxKpoKgsnmFyTLgZkoU=",
      "dependencies": [
        "control",
        "enums",
        "foldable-traversable",
        "lists",
        "maybe",
        "partial",
        "prelude",
        "type-equality",
        "unsafe-coerce"
      ]
    },
    "web-dom": {
      "type": "registry",
      "version": "6.0.0",
      "integrity": "sha256-rVeqkxChkjqisDvOujy9BMEgGqJkwX3t6g21bXfiG5o=",
      "dependencies": [
        "effect",
        "enums",
        "maybe",
        "newtype",
        "nullable",
        "prelude",
        "unsafe-coerce",
        "web-events"
      ]
    },
    "web-events": {
      "type": "registry",
      "version": "4.0.0",
      "integrity": "sha256-wZNeldG0OU+8qGycUJ9e6vxf1/GC4Ep4OlRMhvjs9LA=",
      "dependencies": [
        "datetime",
        "effect",
        "enums",
        "foreign",
        "functions",
        "maybe",
        "newtype",
        "nullable",
        "prelude",
        "unsafe-coerce"
      ]
    },
    "web-file": {
      "type": "registry",
      "version": "4.0.0",
      "integrity": "sha256-txsdkeWBKU/+5v9m5c6kysgJQSDyV1r7MHaeT4STpjQ=",
      "dependencies": [
        "datetime",
        "effect",
        "enums",
        "foreign",
        "integers",
        "maybe",
        "media-types",
        "nullable",
        "numbers",
        "partial",
        "prelude",
        "tuples",
        "unfoldable",
        "unsafe-coerce",
        "web-events"
      ]
    },
    "web-html": {
      "type": "registry",
      "version": "4.1.1",
      "integrity": "sha256-yOuZJGUxFrivHKpo/jKuKzFZaq6PPPE64ftSysXFssk=",
      "dependencies": [
        "effect",
        "enums",
        "foreign",
        "functions",
        "js-date",
        "maybe",
        "media-types",
        "newtype",
        "nullable",
        "prelude",
        "unsafe-coerce",
        "web-dom",
        "web-events",
        "web-file",
        "web-storage"
      ]
    },
    "web-storage": {
      "type": "registry",
      "version": "5.0.0",
      "integrity": "sha256-YJfos55oeKtBStNfoWfeflSy8j+4IDym5eaZtIY7YM4=",
      "dependencies": [
        "effect",
        "maybe",
        "nullable",
        "prelude",
        "unsafe-coerce",
        "web-events"
      ]
    },
    "web-touchevents": {
      "type": "registry",
      "version": "4.0.0",
      "integrity": "sha256-H02c53BJlHDlAgogj/x8bM7PagJjhMMrMPYy9I7Rf0s=",
      "dependencies": [
        "functions",
        "maybe",
        "nullable",
        "prelude",
        "unsafe-coerce",
        "web-events",
        "web-uievents"
      ]
    },
    "web-uievents": {
      "type": "registry",
      "version": "5.0.0",
      "integrity": "sha256-yh9uVLIGu8wE1+jwLehtfsRfR1eyiShhIMMhBPqKybE=",
      "dependencies": [
        "effect",
        "enums",
        "maybe",
        "nullable",
        "prelude",
        "unsafe-coerce",
        "web-events",
        "web-html"
      ]
    },
    "yoga-fastify": {
      "type": "registry",
      "version": "0.3.0",
      "integrity": "sha256-nQZq9ZSVFPSXFzLtC32iz4RRT0JgigFLKlAe1PGB+Lo=",
      "dependencies": [
        "aff",
        "arrays",
        "bifunctors",
        "effect",
        "either",
        "foldable-traversable",
        "foreign",
        "foreign-object",
        "js-promise",
        "js-promise-aff",
        "maybe",
        "newtype",
        "nullable",
        "prelude",
        "record",
        "strings",
        "unsafe-coerce",
        "variant",
        "yoga-http-api",
        "yoga-json"
      ]
    },
    "yoga-http-api": {
      "type": "registry",
      "version": "0.1.6",
      "integrity": "sha256-wI2aiM7S99gq7pPCBI8ijemMNV5vqjToLHVLr9nCtog=",
      "dependencies": [
        "aff",
        "arrays",
        "either",
        "foldable-traversable",
        "foreign",
        "foreign-object",
        "identity",
        "integers",
        "maybe",
        "newtype",
        "prelude",
        "record",
        "strings",
        "tuples",
        "undefined-is-not-a-problem",
        "unsafe-coerce",
        "variant",
        "yoga-json",
        "yoga-options"
      ]
    },
    "yoga-json": {
      "type": "registry",
      "version": "5.2.0",
      "integrity": "sha256-M+kkz6E1Gf+C4bKnhqoBFIoVcc74loi3rLULePbB204=",
      "dependencies": [
        "arrays",
        "bifunctors",
        "control",
        "datetime",
        "effect",
        "either",
        "exceptions",
        "foldable-traversable",
        "foreign",
        "foreign-object",
        "free",
        "identity",
        "integers",
        "js-bigints",
        "js-date",
        "lists",
        "maybe",
        "newtype",
        "nullable",
        "numbers",
        "ordered-collections",
        "partial",
        "prelude",
        "record",
        "safe-coerce",
        "strings",
        "transformers",
        "tuples",
        "typelevel-prelude",
        "unsafe-coerce",
        "variant",
        "yoga-tree"
      ]
    },
    "yoga-options": {
      "type": "registry",
      "version": "0.1.0",
      "integrity": "sha256-8u9uwmxqwNX7bmA7U+hQ60ZnZxLzvlyYTVNXSIWeXv4=",
      "dependencies": [
        "identity",
        "literals",
        "unsafe-coerce",
        "untagged-union"
      ]
    },
    "yoga-react": {
      "type": "registry",
      "version": "1.0.1",
      "integrity": "sha256-gzcQtkHZEaZZ5oauYU/CSHxggoXIJLVAVsAHf0/+2V4=",
      "dependencies": [
        "effect",
        "prelude",
        "react-basic",
        "react-basic-hooks"
      ]
    },
    "yoga-react-dom": {
      "type": "registry",
      "version": "1.0.3",
      "integrity": "sha256-OY4SLzEX5l3y1hM9CGYLTXSBHmUdnQTU8SHjBWHVMDI=",
      "dependencies": [
        "datetime",
        "effect",
        "forgetmenot",
        "functions",
        "nullable",
        "prelude",
        "react-basic",
        "react-basic-hooks",
        "record",
        "type-equality",
        "typelevel-prelude",
        "unsafe-coerce",
        "web-dom",
        "web-events",
        "web-html",
        "web-touchevents"
      ]
    },
    "yoga-tree": {
      "type": "registry",
      "version": "1.0.0",
      "integrity": "sha256-s8rIVEQkRi1VrMc92T9ceXcY0X6r5A4QqT6f7GgmDQI=",
      "dependencies": [
        "arrays",
        "control",
        "foldable-traversable",
        "free",
        "maybe",
        "prelude",
        "tailrec"
      ]
    }
  }
}
